
Microsoft Visual Studio Solution File, Format Version 12.00
# Visual Studio Version 17
VisualStudioVersion = 17.4.33103.184
MinimumVisualStudioVersion = 10.0.40219.1
Project("{FAE04EC0-301F-11D3-BF4B-00C04F79EFBC}") = "SharpCoders", "SharpCoders\SharpCoders.csproj", "{7408A746-E97D-4067-92B0-6A84E7E13228}"
EndProject
Global
	GlobalSection(SolutionConfigurationPlatforms) = preSolution
		Debug|Any CPU = Debug|Any CPU
		Release|Any CPU = Release|Any CPU
	EndGlobalSection
	GlobalSection(ProjectConfigurationPlatforms) = postSolution
		{7408A746-E97D-4067-92B0-6A84E7E13228}.Debug|Any CPU.ActiveCfg = Debug|Any CPU
		{7408A746-E97D-4067-92B0-6A84E7E13228}.Debug|Any CPU.Build.0 = Debug|Any CPU
		{7408A746-E97D-4067-92B0-6A84E7E13228}.Release|Any CPU.ActiveCfg = Release|Any CPU
		{7408A746-E97D-4067-92B0-6A84E7E13228}.Release|Any CPU.Build.0 = Release|Any CPU
	EndGlobalSection
	GlobalSection(SolutionProperties) = preSolution
		HideSolutionNode = FALSE
	EndGlobalSection
	GlobalSection(ExtensibilityGlobals) = postSolution
		SolutionGuid = {019BE6DE-1F9D-4F5D-BB60-3ABC317FB98E}
	EndGlobalSection
EndGlobal
